
Microsoft Visual Studio Solution File, Format Version 12.00
# Visual Studio 15
VisualStudioVersion = 15.0.27703.2035
MinimumVisualStudioVersion = 10.0.40219.1
Project("{9A19103F-16F7-4668-BE54-9A1E7A4F7556}") = "Web", "Web\Web.csproj", "{8BED9CA3-C8D8-4A40-9B60-0FFA35AC851F}"
EndProject
Project("{FAE04EC0-301F-11D3-BF4B-00C04F79EFBC}") = "Common", "Common\Common.csproj", "{69561F0D-B922-4BA9-8B7F-5516BDD5021B}"
EndProject
Global
	GlobalSection(SolutionConfigurationPlatforms) = preSolution
		Debug|Any CPU = Debug|Any CPU
		Release|Any CPU = Release|Any CPU
	EndGlobalSection
	GlobalSection(ProjectConfigurationPlatforms) = postSolution
		{8BED9CA3-C8D8-4A40-9B60-0FFA35AC851F}.Debug|Any CPU.ActiveCfg = Debug|Any CPU
		{8BED9CA3-C8D8-4A40-9B60-0FFA35AC851F}.Debug|Any CPU.Build.0 = Debug|Any CPU
		{8BED9CA3-C8D8-4A40-9B60-0FFA35AC851F}.Release|Any CPU.ActiveCfg = Release|Any CPU
		{8BED9CA3-C8D8-4A40-9B60-0FFA35AC851F}.Release|Any CPU.Build.0 = Release|Any CPU
		{69561F0D-B922-4BA9-8B7F-5516BDD5021B}.Debug|Any CPU.ActiveCfg = Debug|Any CPU
		{69561F0D-B922-4BA9-8B7F-5516BDD5021B}.Debug|Any CPU.Build.0 = Debug|Any CPU
		{69561F0D-B922-4BA9-8B7F-5516BDD5021B}.Release|Any CPU.ActiveCfg = Release|Any CPU
		{69561F0D-B922-4BA9-8B7F-5516BDD5021B}.Release|Any CPU.Build.0 = Release|Any CPU
	EndGlobalSection
	GlobalSection(SolutionProperties) = preSolution
		HideSolutionNode = FALSE
	EndGlobalSection
	GlobalSection(ExtensibilityGlobals) = postSolution
		SolutionGuid = {18A86B76-C4DF-409B-9303-BAB0896B277F}
	EndGlobalSection
EndGlobal
